// !$*UTF8*$!
{
	archiveVersion = 1;
	classes = {
	};
	objectVersion = 55;
	objects = {

/* Begin PBXBuildFile section */
		4A6E444727C00668005BB393 /* ScalioApp.swift in Sources */ = {isa = PBXBuildFile; fileRef = 4A6E444627C00668005BB393 /* ScalioApp.swift */; };
		4A6E444927C00668005BB393 /* SearchView.swift in Sources */ = {isa = PBXBuildFile; fileRef = 4A6E444827C00668005BB393 /* SearchView.swift */; };
		4A6E444B27C0066A005BB393 /* Assets.xcassets in Resources */ = {isa = PBXBuildFile; fileRef = 4A6E444A27C0066A005BB393 /* Assets.xcassets */; };
		4A6E444E27C0066A005BB393 /* Preview Assets.xcassets in Resources */ = {isa = PBXBuildFile; fileRef = 4A6E444D27C0066A005BB393 /* Preview Assets.xcassets */; };
		4A6E445827C0066A005BB393 /* ScalioTests.swift in Sources */ = {isa = PBXBuildFile; fileRef = 4A6E445727C0066A005BB393 /* ScalioTests.swift */; };
		4A6E446227C0066A005BB393 /* ScalioUITests.swift in Sources */ = {isa = PBXBuildFile; fileRef = 4A6E446127C0066A005BB393 /* ScalioUITests.swift */; };
		4A6E446427C0066A005BB393 /* ScalioUITestsLaunchTests.swift in Sources */ = {isa = PBXBuildFile; fileRef = 4A6E446327C0066A005BB393 /* ScalioUITestsLaunchTests.swift */; };
		4A6E447927C00BF4005BB393 /* ScalioAPI.swift in Sources */ = {isa = PBXBuildFile; fileRef = 4A6E447427C00BF4005BB393 /* ScalioAPI.swift */; };
		4A6E447A27C00BF4005BB393 /* NetworkConstants.swift in Sources */ = {isa = PBXBuildFile; fileRef = 4A6E447527C00BF4005BB393 /* NetworkConstants.swift */; };
		4A6E447B27C00BF4005BB393 /* ScalioProvider.swift in Sources */ = {isa = PBXBuildFile; fileRef = 4A6E447627C00BF4005BB393 /* ScalioProvider.swift */; };
		4A6E447C27C00BF4005BB393 /* TargetType.swift in Sources */ = {isa = PBXBuildFile; fileRef = 4A6E447727C00BF4005BB393 /* TargetType.swift */; };
		4A6E447D27C00BF4005BB393 /* MarnPOSAPI+TargetType.swift in Sources */ = {isa = PBXBuildFile; fileRef = 4A6E447827C00BF4005BB393 /* MarnPOSAPI+TargetType.swift */; };
		4A6E448027C0234D005BB393 /* ScalioError.swift in Sources */ = {isa = PBXBuildFile; fileRef = 4A6E447F27C0234C005BB393 /* ScalioError.swift */; };
		4A6E448327C025CE005BB393 /* TestConstants.swift in Sources */ = {isa = PBXBuildFile; fileRef = 4A6E448227C025CE005BB393 /* TestConstants.swift */; };
		4A6E448427C02613005BB393 /* TestConstants.swift in Sources */ = {isa = PBXBuildFile; fileRef = 4A6E448227C025CE005BB393 /* TestConstants.swift */; };
		4A6E448727C028F1005BB393 /* ProductsResponse.swift in Sources */ = {isa = PBXBuildFile; fileRef = 4A6E448627C028F1005BB393 /* ProductsResponse.swift */; };
		4A6E448927C12CEE005BB393 /* SearchServices.swift in Sources */ = {isa = PBXBuildFile; fileRef = 4A6E448827C12CEE005BB393 /* SearchServices.swift */; };
		4A6E448D27C12E30005BB393 /* CustomBinding.swift in Sources */ = {isa = PBXBuildFile; fileRef = 4A6E448C27C12E30005BB393 /* CustomBinding.swift */; };
/* End PBXBuildFile section */

/* Begin PBXContainerItemProxy section */
		4A6E445427C0066A005BB393 /* PBXContainerItemProxy */ = {
			isa = PBXContainerItemProxy;
			containerPortal = 4A6E443B27C00668005BB393 /* Project object */;
			proxyType = 1;
			remoteGlobalIDString = 4A6E444227C00668005BB393;
			remoteInfo = Scalio;
		};
		4A6E445E27C0066A005BB393 /* PBXContainerItemProxy */ = {
			isa = PBXContainerItemProxy;
			containerPortal = 4A6E443B27C00668005BB393 /* Project object */;
			proxyType = 1;
			remoteGlobalIDString = 4A6E444227C00668005BB393;
			remoteInfo = Scalio;
		};
/* End PBXContainerItemProxy section */

/* Begin PBXFileReference section */
		4A6E444327C00668005BB393 /* Scalio.app */ = {isa = PBXFileReference; explicitFileType = wrapper.application; includeInIndex = 0; path = Scalio.app; sourceTree = BUILT_PRODUCTS_DIR; };
		4A6E444627C00668005BB393 /* ScalioApp.swift */ = {isa = PBXFileReference; lastKnownFileType = sourcecode.swift; path = ScalioApp.swift; sourceTree = "<group>"; };
		4A6E444827C00668005BB393 /* SearchView.swift */ = {isa = PBXFileReference; lastKnownFileType = sourcecode.swift; path = SearchView.swift; sourceTree = "<group>"; };
		4A6E444A27C0066A005BB393 /* Assets.xcassets */ = {isa = PBXFileReference; lastKnownFileType = folder.assetcatalog; path = Assets.xcassets; sourceTree = "<group>"; };
		4A6E444D27C0066A005BB393 /* Preview Assets.xcassets */ = {isa = PBXFileReference; lastKnownFileType = folder.assetcatalog; path = "Preview Assets.xcassets"; sourceTree = "<group>"; };
		4A6E445327C0066A005BB393 /* ScalioTests.xctest */ = {isa = PBXFileReference; explicitFileType = wrapper.cfbundle; includeInIndex = 0; path = ScalioTests.xctest; sourceTree = BUILT_PRODUCTS_DIR; };
		4A6E445727C0066A005BB393 /* ScalioTests.swift */ = {isa = PBXFileReference; lastKnownFileType = sourcecode.swift; path = ScalioTests.swift; sourceTree = "<group>"; };
		4A6E445D27C0066A005BB393 /* ScalioUITests.xctest */ = {isa = PBXFileReference; explicitFileType = wrapper.cfbundle; includeInIndex = 0; path = ScalioUITests.xctest; sourceTree = BUILT_PRODUCTS_DIR; };
		4A6E446127C0066A005BB393 /* ScalioUITests.swift */ = {isa = PBXFileReference; lastKnownFileType = sourcecode.swift; path = ScalioUITests.swift; sourceTree = "<group>"; };
		4A6E446327C0066A005BB393 /* ScalioUITestsLaunchTests.swift */ = {isa = PBXFileReference; lastKnownFileType = sourcecode.swift; path = ScalioUITestsLaunchTests.swift; sourceTree = "<group>"; };
		4A6E447427C00BF4005BB393 /* ScalioAPI.swift */ = {isa = PBXFileReference; fileEncoding = 4; lastKnownFileType = sourcecode.swift; path = ScalioAPI.swift; sourceTree = "<group>"; };
		4A6E447527C00BF4005BB393 /* NetworkConstants.swift */ = {isa = PBXFileReference; fileEncoding = 4; lastKnownFileType = sourcecode.swift; path = NetworkConstants.swift; sourceTree = "<group>"; };
		4A6E447627C00BF4005BB393 /* ScalioProvider.swift */ = {isa = PBXFileReference; fileEncoding = 4; lastKnownFileType = sourcecode.swift; path = ScalioProvider.swift; sourceTree = "<group>"; };
		4A6E447727C00BF4005BB393 /* TargetType.swift */ = {isa = PBXFileReference; fileEncoding = 4; lastKnownFileType = sourcecode.swift; path = TargetType.swift; sourceTree = "<group>"; };
		4A6E447827C00BF4005BB393 /* MarnPOSAPI+TargetType.swift */ = {isa = PBXFileReference; fileEncoding = 4; lastKnownFileType = sourcecode.swift; path = "MarnPOSAPI+TargetType.swift"; sourceTree = "<group>"; };
		4A6E447E27C011F9005BB393 /* Info.plist */ = {isa = PBXFileReference; lastKnownFileType = text.plist; path = Info.plist; sourceTree = "<group>"; };
		4A6E447F27C0234C005BB393 /* ScalioError.swift */ = {isa = PBXFileReference; fileEncoding = 4; lastKnownFileType = sourcecode.swift; path = ScalioError.swift; sourceTree = "<group>"; };
		4A6E448227C025CE005BB393 /* TestConstants.swift */ = {isa = PBXFileReference; fileEncoding = 4; lastKnownFileType = sourcecode.swift; path = TestConstants.swift; sourceTree = "<group>"; };
		4A6E448627C028F1005BB393 /* ProductsResponse.swift */ = {isa = PBXFileReference; fileEncoding = 4; lastKnownFileType = sourcecode.swift; path = ProductsResponse.swift; sourceTree = "<group>"; };
		4A6E448827C12CEE005BB393 /* SearchServices.swift */ = {isa = PBXFileReference; fileEncoding = 4; lastKnownFileType = sourcecode.swift; path = SearchServices.swift; sourceTree = "<group>"; };
		4A6E448C27C12E30005BB393 /* CustomBinding.swift */ = {isa = PBXFileReference; lastKnownFileType = sourcecode.swift; path = CustomBinding.swift; sourceTree = "<group>"; };
/* End PBXFileReference section */

/* Begin PBXFrameworksBuildPhase section */
		4A6E444027C00668005BB393 /* Frameworks */ = {
			isa = PBXFrameworksBuildPhase;
			buildActionMask = 2147483647;
			files = (
			);
			runOnlyForDeploymentPostprocessing = 0;
		};
		4A6E445027C0066A005BB393 /* Frameworks */ = {
			isa = PBXFrameworksBuildPhase;
			buildActionMask = 2147483647;
			files = (
			);
			runOnlyForDeploymentPostprocessing = 0;
		};
		4A6E445A27C0066A005BB393 /* Frameworks */ = {
			isa = PBXFrameworksBuildPhase;
			buildActionMask = 2147483647;
			files = (
			);
			runOnlyForDeploymentPostprocessing = 0;
		};
/* End PBXFrameworksBuildPhase section */

/* Begin PBXGroup section */
		4A6E443A27C00668005BB393 = {
			isa = PBXGroup;
			children = (
				4A6E444527C00668005BB393 /* Scalio */,
				4A6E445627C0066A005BB393 /* ScalioTests */,
				4A6E446027C0066A005BB393 /* ScalioUITests */,
				4A6E444427C00668005BB393 /* Products */,
			);
			sourceTree = "<group>";
		};
		4A6E444427C00668005BB393 /* Products */ = {
			isa = PBXGroup;
			children = (
				4A6E444327C00668005BB393 /* Scalio.app */,
				4A6E445327C0066A005BB393 /* ScalioTests.xctest */,
				4A6E445D27C0066A005BB393 /* ScalioUITests.xctest */,
			);
			name = Products;
			sourceTree = "<group>";
		};
		4A6E444527C00668005BB393 /* Scalio */ = {
			isa = PBXGroup;
			children = (
				4A6E448A27C12DB2005BB393 /* Views */,
				4A6E447027C009A1005BB393 /* Networking */,
				4A6E448B27C12DBE005BB393 /* Utilities */,
				4A6E447E27C011F9005BB393 /* Info.plist */,
				4A6E444A27C0066A005BB393 /* Assets.xcassets */,
				4A6E444C27C0066A005BB393 /* Preview Content */,
			);
			path = Scalio;
			sourceTree = "<group>";
		};
		4A6E444C27C0066A005BB393 /* Preview Content */ = {
			isa = PBXGroup;
			children = (
				4A6E444D27C0066A005BB393 /* Preview Assets.xcassets */,
			);
			path = "Preview Content";
			sourceTree = "<group>";
		};
		4A6E445627C0066A005BB393 /* ScalioTests */ = {
			isa = PBXGroup;
			children = (
				4A6E448127C025C1005BB393 /* Helpers */,
				4A6E445727C0066A005BB393 /* ScalioTests.swift */,
			);
			path = ScalioTests;
			sourceTree = "<group>";
		};
		4A6E446027C0066A005BB393 /* ScalioUITests */ = {
			isa = PBXGroup;
			children = (
				4A6E446127C0066A005BB393 /* ScalioUITests.swift */,
				4A6E446327C0066A005BB393 /* ScalioUITestsLaunchTests.swift */,
			);
			path = ScalioUITests;
			sourceTree = "<group>";
		};
		4A6E447027C009A1005BB393 /* Networking */ = {
			isa = PBXGroup;
			children = (
				4A6E447127C009B7005BB393 /* Base */,
				4A6E447227C009E4005BB393 /* Services */,
				4A6E447327C009F2005BB393 /* Models */,
			);
			path = Networking;
			sourceTree = "<group>";
		};
		4A6E447127C009B7005BB393 /* Base */ = {
			isa = PBXGroup;
			children = (
				4A6E447427C00BF4005BB393 /* ScalioAPI.swift */,
				4A6E447827C00BF4005BB393 /* MarnPOSAPI+TargetType.swift */,
				4A6E447627C00BF4005BB393 /* ScalioProvider.swift */,
				4A6E447527C00BF4005BB393 /* NetworkConstants.swift */,
				4A6E447727C00BF4005BB393 /* TargetType.swift */,
			);
			path = Base;
			sourceTree = "<group>";
		};
		4A6E447227C009E4005BB393 /* Services */ = {
			isa = PBXGroup;
			children = (
				4A6E448827C12CEE005BB393 /* SearchServices.swift */,
			);
			path = Services;
			sourceTree = "<group>";
		};
		4A6E447327C009F2005BB393 /* Models */ = {
			isa = PBXGroup;
			children = (
				4A6E448527C028E2005BB393 /* Responses */,
				4A6E447F27C0234C005BB393 /* ScalioError.swift */,
			);
			path = Models;
			sourceTree = "<group>";
		};
		4A6E448127C025C1005BB393 /* Helpers */ = {
			isa = PBXGroup;
			children = (
				4A6E448227C025CE005BB393 /* TestConstants.swift */,
			);
			path = Helpers;
			sourceTree = "<group>";
		};
		4A6E448527C028E2005BB393 /* Responses */ = {
			isa = PBXGroup;
			children = (
				4A6E448627C028F1005BB393 /* ProductsResponse.swift */,
			);
			path = Responses;
			sourceTree = "<group>";
		};
		4A6E448A27C12DB2005BB393 /* Views */ = {
			isa = PBXGroup;
			children = (
				4A6E444627C00668005BB393 /* ScalioApp.swift */,
				4A6E444827C00668005BB393 /* SearchView.swift */,
			);
			path = Views;
			sourceTree = "<group>";
		};
		4A6E448B27C12DBE005BB393 /* Utilities */ = {
			isa = PBXGroup;
			children = (
				4A6E448C27C12E30005BB393 /* CustomBinding.swift */,
			);
			path = Utilities;
			sourceTree = "<group>";
		};
/* End PBXGroup section */

/* Begin PBXNativeTarget section */
		4A6E444227C00668005BB393 /* Scalio */ = {
			isa = PBXNativeTarget;
			buildConfigurationList = 4A6E446727C0066A005BB393 /* Build configuration list for PBXNativeTarget "Scalio" */;
			buildPhases = (
				4A6E443F27C00668005BB393 /* Sources */,
				4A6E444027C00668005BB393 /* Frameworks */,
				4A6E444127C00668005BB393 /* Resources */,
			);
			buildRules = (
			);
			dependencies = (
			);
			name = Scalio;
			productName = Scalio;
			productReference = 4A6E444327C00668005BB393 /* Scalio.app */;
			productType = "com.apple.product-type.application";
		};
		4A6E445227C0066A005BB393 /* ScalioTests */ = {
			isa = PBXNativeTarget;
			buildConfigurationList = 4A6E446A27C0066A005BB393 /* Build configuration list for PBXNativeTarget "ScalioTests" */;
			buildPhases = (
				4A6E444F27C0066A005BB393 /* Sources */,
				4A6E445027C0066A005BB393 /* Frameworks */,
				4A6E445127C0066A005BB393 /* Resources */,
			);
			buildRules = (
			);
			dependencies = (
				4A6E445527C0066A005BB393 /* PBXTargetDependency */,
			);
			name = ScalioTests;
			productName = ScalioTests;
			productReference = 4A6E445327C0066A005BB393 /* ScalioTests.xctest */;
			productType = "com.apple.product-type.bundle.unit-test";
		};
		4A6E445C27C0066A005BB393 /* ScalioUITests */ = {
			isa = PBXNativeTarget;
			buildConfigurationList = 4A6E446D27C0066A005BB393 /* Build configuration list for PBXNativeTarget "ScalioUITests" */;
			buildPhases = (
				4A6E445927C0066A005BB393 /* Sources */,
				4A6E445A27C0066A005BB393 /* Frameworks */,
				4A6E445B27C0066A005BB393 /* Resources */,
			);
			buildRules = (
			);
			dependencies = (
				4A6E445F27C0066A005BB393 /* PBXTargetDependency */,
			);
			name = ScalioUITests;
			productName = ScalioUITests;
			productReference = 4A6E445D27C0066A005BB393 /* ScalioUITests.xctest */;
			productType = "com.apple.product-type.bundle.ui-testing";
		};
/* End PBXNativeTarget section */

/* Begin PBXProject section */
		4A6E443B27C00668005BB393 /* Project object */ = {
			isa = PBXProject;
			attributes = {
				BuildIndependentTargetsInParallel = 1;
				LastSwiftUpdateCheck = 1310;
				LastUpgradeCheck = 1310;
				TargetAttributes = {
					4A6E444227C00668005BB393 = {
						CreatedOnToolsVersion = 13.1;
					};
					4A6E445227C0066A005BB393 = {
						CreatedOnToolsVersion = 13.1;
						TestTargetID = 4A6E444227C00668005BB393;
					};
					4A6E445C27C0066A005BB393 = {
						CreatedOnToolsVersion = 13.1;
						TestTargetID = 4A6E444227C00668005BB393;
					};
				};
			};
			buildConfigurationList = 4A6E443E27C00668005BB393 /* Build configuration list for PBXProject "Scalio" */;
			compatibilityVersion = "Xcode 13.0";
			developmentRegion = en;
			hasScannedForEncodings = 0;
			knownRegions = (
				en,
				Base,
			);
			mainGroup = 4A6E443A27C00668005BB393;
			productRefGroup = 4A6E444427C00668005BB393 /* Products */;
			projectDirPath = "";
			projectRoot = "";
			targets = (
				4A6E444227C00668005BB393 /* Scalio */,
				4A6E445227C0066A005BB393 /* ScalioTests */,
				4A6E445C27C0066A005BB393 /* ScalioUITests */,
			);
		};
/* End PBXProject section */

/* Begin PBXResourcesBuildPhase section */
		4A6E444127C00668005BB393 /* Resources */ = {
			isa = PBXResourcesBuildPhase;
			buildActionMask = 2147483647;
			files = (
				4A6E444E27C0066A005BB393 /* Preview Assets.xcassets in Resources */,
				4A6E444B27C0066A005BB393 /* Assets.xcassets in Resources */,
			);
			runOnlyForDeploymentPostprocessing = 0;
		};
		4A6E445127C0066A005BB393 /* Resources */ = {
			isa = PBXResourcesBuildPhase;
			buildActionMask = 2147483647;
			files = (
			);
			runOnlyForDeploymentPostprocessing = 0;
		};
		4A6E445B27C0066A005BB393 /* Resources */ = {
			isa = PBXResourcesBuildPhase;
			buildActionMask = 2147483647;
			files = (
			);
			runOnlyForDeploymentPostprocessing = 0;
		};
/* End PBXResourcesBuildPhase section */

/* Begin PBXSourcesBuildPhase section */
		4A6E443F27C00668005BB393 /* Sources */ = {
			isa = PBXSourcesBuildPhase;
			buildActionMask = 2147483647;
			files = (
				4A6E448727C028F1005BB393 /* ProductsResponse.swift in Sources */,
				4A6E447D27C00BF4005BB393 /* MarnPOSAPI+TargetType.swift in Sources */,
				4A6E447C27C00BF4005BB393 /* TargetType.swift in Sources */,
				4A6E447A27C00BF4005BB393 /* NetworkConstants.swift in Sources */,
				4A6E448D27C12E30005BB393 /* CustomBinding.swift in Sources */,
				4A6E444927C00668005BB393 /* SearchView.swift in Sources */,
				4A6E448927C12CEE005BB393 /* SearchServices.swift in Sources */,
				4A6E448427C02613005BB393 /* TestConstants.swift in Sources */,
				4A6E447B27C00BF4005BB393 /* ScalioProvider.swift in Sources */,
				4A6E444727C00668005BB393 /* ScalioApp.swift in Sources */,
				4A6E447927C00BF4005BB393 /* ScalioAPI.swift in Sources */,
				4A6E448027C0234D005BB393 /* ScalioError.swift in Sources */,
			);
			runOnlyForDeploymentPostprocessing = 0;
		};
		4A6E444F27C0066A005BB393 /* Sources */ = {
			isa = PBXSourcesBuildPhase;
			buildActionMask = 2147483647;
			files = (
				4A6E445827C0066A005BB393 /* ScalioTests.swift in Sources */,
				4A6E448327C025CE005BB393 /* TestConstants.swift in Sources */,
			);
			runOnlyForDeploymentPostprocessing = 0;
		};
		4A6E445927C0066A005BB393 /* Sources */ = {
			isa = PBXSourcesBuildPhase;
			buildActionMask = 2147483647;
			files = (
				4A6E446227C0066A005BB393 /* ScalioUITests.swift in Sources */,
				4A6E446427C0066A005BB393 /* ScalioUITestsLaunchTests.swift in Sources */,
			);
			runOnlyForDeploymentPostprocessing = 0;
		};
/* End PBXSourcesBuildPhase section */

/* Begin PBXTargetDependency section */
		4A6E445527C0066A005BB393 /* PBXTargetDependency */ = {
			isa = PBXTargetDependency;
			target = 4A6E444227C00668005BB393 /* Scalio */;
			targetProxy = 4A6E445427C0066A005BB393 /* PBXContainerItemProxy */;
		};
		4A6E445F27C0066A005BB393 /* PBXTargetDependency */ = {
			isa = PBXTargetDependency;
			target = 4A6E444227C00668005BB393 /* Scalio */;
			targetProxy = 4A6E445E27C0066A005BB393 /* PBXContainerItemProxy */;
		};
/* End PBXTargetDependency section */

/* Begin XCBuildConfiguration section */
		4A6E446527C0066A005BB393 /* Debug */ = {
			isa = XCBuildConfiguration;
			buildSettings = {
				ALWAYS_SEARCH_USER_PATHS = NO;
				CLANG_ANALYZER_NONNULL = YES;
				CLANG_ANALYZER_NUMBER_OBJECT_CONVERSION = YES_AGGRESSIVE;
				CLANG_CXX_LANGUAGE_STANDARD = "gnu++17";
				CLANG_CXX_LIBRARY = "libc++";
				CLANG_ENABLE_MODULES = YES;
				CLANG_ENABLE_OBJC_ARC = YES;
				CLANG_ENABLE_OBJC_WEAK = YES;
				CLANG_WARN_BLOCK_CAPTURE_AUTORELEASING = YES;
				CLANG_WARN_BOOL_CONVERSION = YES;
				CLANG_WARN_COMMA = YES;
				CLANG_WARN_CONSTANT_CONVERSION = YES;
				CLANG_WARN_DEPRECATED_OBJC_IMPLEMENTATIONS = YES;
				CLANG_WARN_DIRECT_OBJC_ISA_USAGE = YES_ERROR;
				CLANG_WARN_DOCUMENTATION_COMMENTS = YES;
				CLANG_WARN_EMPTY_BODY = YES;
				CLANG_WARN_ENUM_CONVERSION = YES;
				CLANG_WARN_INFINITE_RECURSION = YES;
				CLANG_WARN_INT_CONVERSION = YES;
				CLANG_WARN_NON_LITERAL_NULL_CONVERSION = YES;
				CLANG_WARN_OBJC_IMPLICIT_RETAIN_SELF = YES;
				CLANG_WARN_OBJC_LITERAL_CONVERSION = YES;
				CLANG_WARN_OBJC_ROOT_CLASS = YES_ERROR;
				CLANG_WARN_QUOTED_INCLUDE_IN_FRAMEWORK_HEADER = YES;
				CLANG_WARN_RANGE_LOOP_ANALYSIS = YES;
				CLANG_WARN_STRICT_PROTOTYPES = YES;
				CLANG_WARN_SUSPICIOUS_MOVE = YES;
				CLANG_WARN_UNGUARDED_AVAILABILITY = YES_AGGRESSIVE;
				CLANG_WARN_UNREACHABLE_CODE = YES;
				CLANG_WARN__DUPLICATE_METHOD_MATCH = YES;
				COPY_PHASE_STRIP = NO;
				DEBUG_INFORMATION_FORMAT = dwarf;
				ENABLE_STRICT_OBJC_MSGSEND = YES;
				ENABLE_TESTABILITY = YES;
				GCC_C_LANGUAGE_STANDARD = gnu11;
				GCC_DYNAMIC_NO_PIC = NO;
				GCC_NO_COMMON_BLOCKS = YES;
				GCC_OPTIMIZATION_LEVEL = 0;
				GCC_PREPROCESSOR_DEFINITIONS = (
					"DEBUG=1",
					"$(inherited)",
				);
				GCC_WARN_64_TO_32_BIT_CONVERSION = YES;
				GCC_WARN_ABOUT_RETURN_TYPE = YES_ERROR;
				GCC_WARN_UNDECLARED_SELECTOR = YES;
				GCC_WARN_UNINITIALIZED_AUTOS = YES_AGGRESSIVE;
				GCC_WARN_UNUSED_FUNCTION = YES;
				GCC_WARN_UNUSED_VARIABLE = YES;
				IPHONEOS_DEPLOYMENT_TARGET = 15.0;
				MTL_ENABLE_DEBUG_INFO = INCLUDE_SOURCE;
				MTL_FAST_MATH = YES;
				ONLY_ACTIVE_ARCH = YES;
				SDKROOT = iphoneos;
				SWIFT_ACTIVE_COMPILATION_CONDITIONS = DEBUG;
				SWIFT_OPTIMIZATION_LEVEL = "-Onone";
			};
			name = Debug;
		};
		4A6E446627C0066A005BB393 /* Release */ = {
			isa = XCBuildConfiguration;
			buildSettings = {
				ALWAYS_SEARCH_USER_PATHS = NO;
				CLANG_ANALYZER_NONNULL = YES;
				CLANG_ANALYZER_NUMBER_OBJECT_CONVERSION = YES_AGGRESSIVE;
				CLANG_CXX_LANGUAGE_STANDARD = "gnu++17";
				CLANG_CXX_LIBRARY = "libc++";
				CLANG_ENABLE_MODULES = YES;
				CLANG_ENABLE_OBJC_ARC = YES;
				CLANG_ENABLE_OBJC_WEAK = YES;
				CLANG_WARN_BLOCK_CAPTURE_AUTORELEASING = YES;
				CLANG_WARN_BOOL_CONVERSION = YES;
				CLANG_WARN_COMMA = YES;
				CLANG_WARN_CONSTANT_CONVERSION = YES;
				CLANG_WARN_DEPRECATED_OBJC_IMPLEMENTATIONS = YES;
				CLANG_WARN_DIRECT_OBJC_ISA_USAGE = YES_ERROR;
				CLANG_WARN_DOCUMENTATION_COMMENTS = YES;
				CLANG_WARN_EMPTY_BODY = YES;
				CLANG_WARN_ENUM_CONVERSION = YES;
				CLANG_WARN_INFINITE_RECURSION = YES;
				CLANG_WARN_INT_CONVERSION = YES;
				CLANG_WARN_NON_LITERAL_NULL_CONVERSION = YES;
				CLANG_WARN_OBJC_IMPLICIT_RETAIN_SELF = YES;
				CLANG_WARN_OBJC_LITERAL_CONVERSION = YES;
				CLANG_WARN_OBJC_ROOT_CLASS = YES_ERROR;
				CLANG_WARN_QUOTED_INCLUDE_IN_FRAMEWORK_HEADER = YES;
				CLANG_WARN_RANGE_LOOP_ANALYSIS = YES;
				CLANG_WARN_STRICT_PROTOTYPES = YES;
				CLANG_WARN_SUSPICIOUS_MOVE = YES;
				CLANG_WARN_UNGUARDED_AVAILABILITY = YES_AGGRESSIVE;
				CLANG_WARN_UNREACHABLE_CODE = YES;
				CLANG_WARN__DUPLICATE_METHOD_MATCH = YES;
				COPY_PHASE_STRIP = NO;
				DEBUG_INFORMATION_FORMAT = "dwarf-with-dsym";
				ENABLE_NS_ASSERTIONS = NO;
				ENABLE_STRICT_OBJC_MSGSEND = YES;
				GCC_C_LANGUAGE_STANDARD = gnu11;
				GCC_NO_COMMON_BLOCKS = YES;
				GCC_WARN_64_TO_32_BIT_CONVERSION = YES;
				GCC_WARN_ABOUT_RETURN_TYPE = YES_ERROR;
				GCC_WARN_UNDECLARED_SELECTOR = YES;
				GCC_WARN_UNINITIALIZED_AUTOS = YES_AGGRESSIVE;
				GCC_WARN_UNUSED_FUNCTION = YES;
				GCC_WARN_UNUSED_VARIABLE = YES;
				IPHONEOS_DEPLOYMENT_TARGET = 15.0;
				MTL_ENABLE_DEBUG_INFO = NO;
				MTL_FAST_MATH = YES;
				SDKROOT = iphoneos;
				SWIFT_COMPILATION_MODE = wholemodule;
				SWIFT_OPTIMIZATION_LEVEL = "-O";
				VALIDATE_PRODUCT = YES;
			};
			name = Release;
		};
		4A6E446827C0066A005BB393 /* Debug */ = {
			isa = XCBuildConfiguration;
			buildSettings = {
				ASSETCATALOG_COMPILER_APPICON_NAME = AppIcon;
				ASSETCATALOG_COMPILER_GLOBAL_ACCENT_COLOR_NAME = AccentColor;
				BASE_URL = "https://api.github.com/";
				CODE_SIGN_STYLE = Automatic;
				CURRENT_PROJECT_VERSION = 1;
				DEVELOPMENT_ASSET_PATHS = "\"Scalio/Preview Content\"";
				DEVELOPMENT_TEAM = 5DW4MH742S;
				ENABLE_PREVIEWS = YES;
				GENERATE_INFOPLIST_FILE = YES;
				INFOPLIST_FILE = Scalio/Info.plist;
				INFOPLIST_KEY_UIApplicationSceneManifest_Generation = YES;
				INFOPLIST_KEY_UIApplicationSupportsIndirectInputEvents = YES;
				INFOPLIST_KEY_UILaunchScreen_Generation = YES;
				INFOPLIST_KEY_UISupportedInterfaceOrientations_iPad = "UIInterfaceOrientationPortrait UIInterfaceOrientationPortraitUpsideDown UIInterfaceOrientationLandscapeLeft UIInterfaceOrientationLandscapeRight";
				INFOPLIST_KEY_UISupportedInterfaceOrientations_iPhone = "UIInterfaceOrientationPortrait UIInterfaceOrientationLandscapeLeft UIInterfaceOrientationLandscapeRight";
				LD_RUNPATH_SEARCH_PATHS = (
					"$(inherited)",
					"@executable_path/Frameworks",
				);
				MARKETING_VERSION = 1.0;
				MODE = DEBUG;
				PRODUCT_BUNDLE_IDENTIFIER = com.elgawady14.Scalio;
				PRODUCT_NAME = "$(TARGET_NAME)";
				SWIFT_EMIT_LOC_STRINGS = YES;
				SWIFT_VERSION = 5.0;
				TARGETED_DEVICE_FAMILY = "1,2";
			};
			name = Debug;
		};
		4A6E446927C0066A005BB393 /* Release */ = {
			isa = XCBuildConfiguration;
			buildSettings = {
				ASSETCATALOG_COMPILER_APPICON_NAME = AppIcon;
				ASSETCATALOG_COMPILER_GLOBAL_ACCENT_COLOR_NAME = AccentColor;
				BASE_URL = "https://api.github.com/";
				CODE_SIGN_STYLE = Automatic;
				CURRENT_PROJECT_VERSION = 1;
				DEVELOPMENT_ASSET_PATHS = "\"Scalio/Preview Content\"";
				DEVELOPMENT_TEAM = 5DW4MH742S;
				ENABLE_PREVIEWS = YES;
				GENERATE_INFOPLIST_FILE = YES;
				INFOPLIST_FILE = Scalio/Info.plist;
				INFOPLIST_KEY_UIApplicationSceneManifest_Generation = YES;
				INFOPLIST_KEY_UIApplicationSupportsIndirectInputEvents = YES;
				INFOPLIST_KEY_UILaunchScreen_Generation = YES;
				INFOPLIST_KEY_UISupportedInterfaceOrientations_iPad = "UIInterfaceOrientationPortrait UIInterfaceOrientationPortraitUpsideDown UIInterfaceOrientationLandscapeLeft UIInterfaceOrientationLandscapeRight";
				INFOPLIST_KEY_UISupportedInterfaceOrientations_iPhone = "UIInterfaceOrientationPortrait UIInterfaceOrientationLandscapeLeft UIInterfaceOrientationLandscapeRight";
				LD_RUNPATH_SEARCH_PATHS = (
					"$(inherited)",
					"@executable_path/Frameworks",
				);
				MARKETING_VERSION = 1.0;
				MODE = RELEASE;
				PRODUCT_BUNDLE_IDENTIFIER = com.elgawady14.Scalio;
				PRODUCT_NAME = "$(TARGET_NAME)";
				SWIFT_EMIT_LOC_STRINGS = YES;
				SWIFT_VERSION = 5.0;
				TARGETED_DEVICE_FAMILY = "1,2";
			};
			name = Release;
		};
		4A6E446B27C0066A005BB393 /* Debug */ = {
			isa = XCBuildConfiguration;
			buildSettings = {
				ALWAYS_EMBED_SWIFT_STANDARD_LIBRARIES = YES;
				BUNDLE_LOADER = "$(TEST_HOST)";
				CODE_SIGN_STYLE = Automatic;
				CURRENT_PROJECT_VERSION = 1;
				DEVELOPMENT_TEAM = 5DW4MH742S;
				GENERATE_INFOPLIST_FILE = YES;
				IPHONEOS_DEPLOYMENT_TARGET = 15.0;
				LD_RUNPATH_SEARCH_PATHS = (
					"$(inherited)",
					"@executable_path/Frameworks",
					"@loader_path/Frameworks",
				);
				MARKETING_VERSION = 1.0;
				PRODUCT_BUNDLE_IDENTIFIER = com.elgawady14.ScalioTests;
				PRODUCT_NAME = "$(TARGET_NAME)";
				SWIFT_EMIT_LOC_STRINGS = NO;
				SWIFT_VERSION = 5.0;
				TARGETED_DEVICE_FAMILY = "1,2";
				TEST_HOST = "$(BUILT_PRODUCTS_DIR)/Scalio.app/Scalio";
			};
			name = Debug;
		};
		4A6E446C27C0066A005BB393 /* Release */ = {
			isa = XCBuildConfiguration;
			buildSettings = {
				ALWAYS_EMBED_SWIFT_STANDARD_LIBRARIES = YES;
				BUNDLE_LOADER = "$(TEST_HOST)";
				CODE_SIGN_STYLE = Automatic;
				CURRENT_PROJECT_VERSION = 1;
				DEVELOPMENT_TEAM = 5DW4MH742S;
				GENERATE_INFOPLIST_FILE = YES;
				IPHONEOS_DEPLOYMENT_TARGET = 15.0;
				LD_RUNPATH_SEARCH_PATHS = (
					"$(inherited)",
					"@executable_path/Frameworks",
					"@loader_path/Frameworks",
				);
				MARKETING_VERSION = 1.0;
				PRODUCT_BUNDLE_IDENTIFIER = com.elgawady14.ScalioTests;
				PRODUCT_NAME = "$(TARGET_NAME)";
				SWIFT_EMIT_LOC_STRINGS = NO;
				SWIFT_VERSION = 5.0;
				TARGETED_DEVICE_FAMILY = "1,2";
				TEST_HOST = "$(BUILT_PRODUCTS_DIR)/Scalio.app/Scalio";
			};
			name = Release;
		};
		4A6E446E27C0066A005BB393 /* Debug */ = {
			isa = XCBuildConfiguration;
			buildSettings = {
				ALWAYS_EMBED_SWIFT_STANDARD_LIBRARIES = YES;
				CODE_SIGN_STYLE = Automatic;
				CURRENT_PROJECT_VERSION = 1;
				DEVELOPMENT_TEAM = 5DW4MH742S;
				GENERATE_INFOPLIST_FILE = YES;
				LD_RUNPATH_SEARCH_PATHS = (
					"$(inherited)",
					"@executable_path/Frameworks",
					"@loader_path/Frameworks",
				);
				MARKETING_VERSION = 1.0;
				PRODUCT_BUNDLE_IDENTIFIER = com.elgawady14.ScalioUITests;
				PRODUCT_NAME = "$(TARGET_NAME)";
				SWIFT_EMIT_LOC_STRINGS = NO;
				SWIFT_VERSION = 5.0;
				TARGETED_DEVICE_FAMILY = "1,2";
				TEST_TARGET_NAME = Scalio;
			};
			name = Debug;
		};
		4A6E446F27C0066A005BB393 /* Release */ = {
			isa = XCBuildConfiguration;
			buildSettings = {
				ALWAYS_EMBED_SWIFT_STANDARD_LIBRARIES = YES;
				CODE_SIGN_STYLE = Automatic;
				CURRENT_PROJECT_VERSION = 1;
				DEVELOPMENT_TEAM = 5DW4MH742S;
				GENERATE_INFOPLIST_FILE = YES;
				LD_RUNPATH_SEARCH_PATHS = (
					"$(inherited)",
					"@executable_path/Frameworks",
					"@loader_path/Frameworks",
				);
				MARKETING_VERSION = 1.0;
				PRODUCT_BUNDLE_IDENTIFIER = com.elgawady14.ScalioUITests;
				PRODUCT_NAME = "$(TARGET_NAME)";
				SWIFT_EMIT_LOC_STRINGS = NO;
				SWIFT_VERSION = 5.0;
				TARGETED_DEVICE_FAMILY = "1,2";
				TEST_TARGET_NAME = Scalio;
			};
			name = Release;
		};
/* End XCBuildConfiguration section */

/* Begin XCConfigurationList section */
		4A6E443E27C00668005BB393 /* Build configuration list for PBXProject "Scalio" */ = {
			isa = XCConfigurationList;
			buildConfigurations = (
				4A6E446527C0066A005BB393 /* Debug */,
				4A6E446627C0066A005BB393 /* Release */,
			);
			defaultConfigurationIsVisible = 0;
			defaultConfigurationName = Release;
		};
		4A6E446727C0066A005BB393 /* Build configuration list for PBXNativeTarget "Scalio" */ = {
			isa = XCConfigurationList;
			buildConfigurations = (
				4A6E446827C0066A005BB393 /* Debug */,
				4A6E446927C0066A005BB393 /* Release */,
			);
			defaultConfigurationIsVisible = 0;
			defaultConfigurationName = Release;
		};
		4A6E446A27C0066A005BB393 /* Build configuration list for PBXNativeTarget "ScalioTests" */ = {
			isa = XCConfigurationList;
			buildConfigurations = (
				4A6E446B27C0066A005BB393 /* Debug */,
				4A6E446C27C0066A005BB393 /* Release */,
			);
			defaultConfigurationIsVisible = 0;
			defaultConfigurationName = Release;
		};
		4A6E446D27C0066A005BB393 /* Build configuration list for PBXNativeTarget "ScalioUITests" */ = {
			isa = XCConfigurationList;
			buildConfigurations = (
				4A6E446E27C0066A005BB393 /* Debug */,
				4A6E446F27C0066A005BB393 /* Release */,
			);
			defaultConfigurationIsVisible = 0;
			defaultConfigurationName = Release;
		};
/* End XCConfigurationList section */
	};
	rootObject = 4A6E443B27C00668005BB393 /* Project object */;
}
